
Microsoft Visual Studio Solution File, Format Version 12.00
# Visual Studio Version 17
VisualStudioVersion = 17.9.34728.123
MinimumVisualStudioVersion = 10.0.40219.1
Project("{FAE04EC0-301F-11D3-BF4B-00C04F79EFBC}") = "ChatServer", "ChatServer\ChatServer.csproj", "{8941AFA6-9C0C-4635-BB0F-684DCC0E5B73}"
EndProject
Global
	GlobalSection(SolutionConfigurationPlatforms) = preSolution
		Debug|Any CPU = Debug|Any CPU
		Release|Any CPU = Release|Any CPU
	EndGlobalSection
	GlobalSection(ProjectConfigurationPlatforms) = postSolution
		{8941AFA6-9C0C-4635-BB0F-684DCC0E5B73}.Debug|Any CPU.ActiveCfg = Debug|Any CPU
		{8941AFA6-9C0C-4635-BB0F-684DCC0E5B73}.Debug|Any CPU.Build.0 = Debug|Any CPU
		{8941AFA6-9C0C-4635-BB0F-684DCC0E5B73}.Release|Any CPU.ActiveCfg = Release|Any CPU
		{8941AFA6-9C0C-4635-BB0F-684DCC0E5B73}.Release|Any CPU.Build.0 = Release|Any CPU
	EndGlobalSection
	GlobalSection(SolutionProperties) = preSolution
		HideSolutionNode = FALSE
	EndGlobalSection
	GlobalSection(ExtensibilityGlobals) = postSolution
		SolutionGuid = {D20DC0A8-869E-426E-A564-CA2B715DD3FA}
	EndGlobalSection
EndGlobal
